// !$*UTF8*$!
{
	archiveVersion = 1;
	classes = {
	};
	objectVersion = 46;
	objects = {

/* Begin PBXBuildFile section */
		98E73A551B5B9CE500FC2F34 /* HistoryViewController.swift in Sources */ = {isa = PBXBuildFile; fileRef = 98E73A541B5B9CE500FC2F34 /* HistoryViewController.swift */; };
		98E73A561B5B9CE500FC2F34 /* HistoryViewController.swift in Sources */ = {isa = PBXBuildFile; fileRef = 98E73A541B5B9CE500FC2F34 /* HistoryViewController.swift */; };
		98E8B1221B52AFDD007C871D /* AppDelegate.swift in Sources */ = {isa = PBXBuildFile; fileRef = 98E8B1211B52AFDD007C871D /* AppDelegate.swift */; };
		98E8B1241B52AFDE007C871D /* ViewController.swift in Sources */ = {isa = PBXBuildFile; fileRef = 98E8B1231B52AFDE007C871D /* ViewController.swift */; };
		98E8B1271B52AFDE007C871D /* Main.storyboard in Resources */ = {isa = PBXBuildFile; fileRef = 98E8B1251B52AFDE007C871D /* Main.storyboard */; };
		98E8B1291B52AFDE007C871D /* Images.xcassets in Resources */ = {isa = PBXBuildFile; fileRef = 98E8B1281B52AFDE007C871D /* Images.xcassets */; };
		98E8B12C1B52AFDE007C871D /* LaunchScreen.xib in Resources */ = {isa = PBXBuildFile; fileRef = 98E8B12A1B52AFDE007C871D /* LaunchScreen.xib */; };
		98E8B1381B52AFDE007C871D /* RoshamboTests.swift in Sources */ = {isa = PBXBuildFile; fileRef = 98E8B1371B52AFDE007C871D /* RoshamboTests.swift */; };
		98E8B1451B52BD5D007C871D /* ResultViewController.swift in Sources */ = {isa = PBXBuildFile; fileRef = 98E8B1441B52BD5D007C871D /* ResultViewController.swift */; };
		98E8B1461B52BD5D007C871D /* ResultViewController.swift in Sources */ = {isa = PBXBuildFile; fileRef = 98E8B1441B52BD5D007C871D /* ResultViewController.swift */; };
/* End PBXBuildFile section */

/* Begin PBXContainerItemProxy section */
		98E8B1321B52AFDE007C871D /* PBXContainerItemProxy */ = {
			isa = PBXContainerItemProxy;
			containerPortal = 98E8B1141B52AFDD007C871D /* Project object */;
			proxyType = 1;
			remoteGlobalIDString = 98E8B11B1B52AFDD007C871D;
			remoteInfo = Roshambo;
		};
/* End PBXContainerItemProxy section */

/* Begin PBXFileReference section */
		98E73A541B5B9CE500FC2F34 /* HistoryViewController.swift */ = {isa = PBXFileReference; fileEncoding = 4; lastKnownFileType = sourcecode.swift; path = HistoryViewController.swift; sourceTree = "<group>"; };
		98E8B11C1B52AFDD007C871D /* Roshambo.app */ = {isa = PBXFileReference; explicitFileType = wrapper.application; includeInIndex = 0; path = Roshambo.app; sourceTree = BUILT_PRODUCTS_DIR; };
		98E8B1201B52AFDD007C871D /* Info.plist */ = {isa = PBXFileReference; lastKnownFileType = text.plist.xml; path = Info.plist; sourceTree = "<group>"; };
		98E8B1211B52AFDD007C871D /* AppDelegate.swift */ = {isa = PBXFileReference; lastKnownFileType = sourcecode.swift; path = AppDelegate.swift; sourceTree = "<group>"; };
		98E8B1231B52AFDE007C871D /* ViewController.swift */ = {isa = PBXFileReference; lastKnownFileType = sourcecode.swift; path = ViewController.swift; sourceTree = "<group>"; };
		98E8B1261B52AFDE007C871D /* Base */ = {isa = PBXFileReference; lastKnownFileType = file.storyboard; name = Base; path = Base.lproj/Main.storyboard; sourceTree = "<group>"; };
		98E8B1281B52AFDE007C871D /* Images.xcassets */ = {isa = PBXFileReference; lastKnownFileType = folder.assetcatalog; path = Images.xcassets; sourceTree = "<group>"; };
		98E8B12B1B52AFDE007C871D /* Base */ = {isa = PBXFileReference; lastKnownFileType = file.xib; name = Base; path = Base.lproj/LaunchScreen.xib; sourceTree = "<group>"; };
		98E8B1311B52AFDE007C871D /* RoshamboTests.xctest */ = {isa = PBXFileReference; explicitFileType = wrapper.cfbundle; includeInIndex = 0; path = RoshamboTests.xctest; sourceTree = BUILT_PRODUCTS_DIR; };
		98E8B1361B52AFDE007C871D /* Info.plist */ = {isa = PBXFileReference; lastKnownFileType = text.plist.xml; path = Info.plist; sourceTree = "<group>"; };
		98E8B1371B52AFDE007C871D /* RoshamboTests.swift */ = {isa = PBXFileReference; lastKnownFileType = sourcecode.swift; path = RoshamboTests.swift; sourceTree = "<group>"; };
		98E8B1441B52BD5D007C871D /* ResultViewController.swift */ = {isa = PBXFileReference; fileEncoding = 4; lastKnownFileType = sourcecode.swift; path = ResultViewController.swift; sourceTree = "<group>"; };
/* End PBXFileReference section */

/* Begin PBXFrameworksBuildPhase section */
		98E8B1191B52AFDD007C871D /* Frameworks */ = {
			isa = PBXFrameworksBuildPhase;
			buildActionMask = 2147483647;
			files = (
			);
			runOnlyForDeploymentPostprocessing = 0;
		};
		98E8B12E1B52AFDE007C871D /* Frameworks */ = {
			isa = PBXFrameworksBuildPhase;
			buildActionMask = 2147483647;
			files = (
			);
			runOnlyForDeploymentPostprocessing = 0;
		};
/* End PBXFrameworksBuildPhase section */

/* Begin PBXGroup section */
		98E8B1131B52AFDD007C871D = {
			isa = PBXGroup;
			children = (
				98E8B11E1B52AFDD007C871D /* Roshambo */,
				98E8B1341B52AFDE007C871D /* RoshamboTests */,
				98E8B11D1B52AFDD007C871D /* Products */,
			);
			sourceTree = "<group>";
		};
		98E8B11D1B52AFDD007C871D /* Products */ = {
			isa = PBXGroup;
			children = (
				98E8B11C1B52AFDD007C871D /* Roshambo.app */,
				98E8B1311B52AFDE007C871D /* RoshamboTests.xctest */,
			);
			name = Products;
			sourceTree = "<group>";
		};
		98E8B11E1B52AFDD007C871D /* Roshambo */ = {
			isa = PBXGroup;
			children = (
				98E8B1211B52AFDD007C871D /* AppDelegate.swift */,
				98E8B1231B52AFDE007C871D /* ViewController.swift */,
				98E8B1251B52AFDE007C871D /* Main.storyboard */,
				98E73A541B5B9CE500FC2F34 /* HistoryViewController.swift */,
				98E8B1441B52BD5D007C871D /* ResultViewController.swift */,
				98E8B1281B52AFDE007C871D /* Images.xcassets */,
				98E8B12A1B52AFDE007C871D /* LaunchScreen.xib */,
				98E8B11F1B52AFDD007C871D /* Supporting Files */,
			);
			path = Roshambo;
			sourceTree = "<group>";
		};
		98E8B11F1B52AFDD007C871D /* Supporting Files */ = {
			isa = PBXGroup;
			children = (
				98E8B1201B52AFDD007C871D /* Info.plist */,
			);
			name = "Supporting Files";
			sourceTree = "<group>";
		};
		98E8B1341B52AFDE007C871D /* RoshamboTests */ = {
			isa = PBXGroup;
			children = (
				98E8B1371B52AFDE007C871D /* RoshamboTests.swift */,
				98E8B1351B52AFDE007C871D /* Supporting Files */,
			);
			path = RoshamboTests;
			sourceTree = "<group>";
		};
		98E8B1351B52AFDE007C871D /* Supporting Files */ = {
			isa = PBXGroup;
			children = (
				98E8B1361B52AFDE007C871D /* Info.plist */,
			);
			name = "Supporting Files";
			sourceTree = "<group>";
		};
/* End PBXGroup section */

/* Begin PBXNativeTarget section */
		98E8B11B1B52AFDD007C871D /* Roshambo */ = {
			isa = PBXNativeTarget;
			buildConfigurationList = 98E8B13B1B52AFDE007C871D /* Build configuration list for PBXNativeTarget "Roshambo" */;
			buildPhases = (
				98E8B1181B52AFDD007C871D /* Sources */,
				98E8B1191B52AFDD007C871D /* Frameworks */,
				98E8B11A1B52AFDD007C871D /* Resources */,
			);
			buildRules = (
			);
			dependencies = (
			);
			name = Roshambo;
			productName = Roshambo;
			productReference = 98E8B11C1B52AFDD007C871D /* Roshambo.app */;
			productType = "com.apple.product-type.application";
		};
		98E8B1301B52AFDE007C871D /* RoshamboTests */ = {
			isa = PBXNativeTarget;
			buildConfigurationList = 98E8B13E1B52AFDE007C871D /* Build configuration list for PBXNativeTarget "RoshamboTests" */;
			buildPhases = (
				98E8B12D1B52AFDE007C871D /* Sources */,
				98E8B12E1B52AFDE007C871D /* Frameworks */,
				98E8B12F1B52AFDE007C871D /* Resources */,
			);
			buildRules = (
			);
			dependencies = (
				98E8B1331B52AFDE007C871D /* PBXTargetDependency */,
			);
			name = RoshamboTests;
			productName = RoshamboTests;
			productReference = 98E8B1311B52AFDE007C871D /* RoshamboTests.xctest */;
			productType = "com.apple.product-type.bundle.unit-test";
		};
/* End PBXNativeTarget section */

/* Begin PBXProject section */
		98E8B1141B52AFDD007C871D /* Project object */ = {
			isa = PBXProject;
			attributes = {
				LastUpgradeCheck = 0640;
				ORGANIZATIONNAME = "Shubham Tripathi";
				TargetAttributes = {
					98E8B11B1B52AFDD007C871D = {
						CreatedOnToolsVersion = 6.4;
					};
					98E8B1301B52AFDE007C871D = {
						CreatedOnToolsVersion = 6.4;
						TestTargetID = 98E8B11B1B52AFDD007C871D;
					};
				};
			};
			buildConfigurationList = 98E8B1171B52AFDD007C871D /* Build configuration list for PBXProject "Roshambo" */;
			compatibilityVersion = "Xcode 3.2";
			developmentRegion = English;
			hasScannedForEncodings = 0;
			knownRegions = (
				en,
				Base,
			);
			mainGroup = 98E8B1131B52AFDD007C871D;
			productRefGroup = 98E8B11D1B52AFDD007C871D /* Products */;
			projectDirPath = "";
			projectRoot = "";
			targets = (
				98E8B11B1B52AFDD007C871D /* Roshambo */,
				98E8B1301B52AFDE007C871D /* RoshamboTests */,
			);
		};
/* End PBXProject section */

/* Begin PBXResourcesBuildPhase section */
		98E8B11A1B52AFDD007C871D /* Resources */ = {
			isa = PBXResourcesBuildPhase;
			buildActionMask = 2147483647;
			files = (
				98E8B1271B52AFDE007C871D /* Main.storyboard in Resources */,
				98E8B12C1B52AFDE007C871D /* LaunchScreen.xib in Resources */,
				98E8B1291B52AFDE007C871D /* Images.xcassets in Resources */,
			);
			runOnlyForDeploymentPostprocessing = 0;
		};
		98E8B12F1B52AFDE007C871D /* Resources */ = {
			isa = PBXResourcesBuildPhase;
			buildActionMask = 2147483647;
			files = (
			);
			runOnlyForDeploymentPostprocessing = 0;
		};
/* End PBXResourcesBuildPhase section */

/* Begin PBXSourcesBuildPhase section */
		98E8B1181B52AFDD007C871D /* Sources */ = {
			isa = PBXSourcesBuildPhase;
			buildActionMask = 2147483647;
			files = (
				98E8B1241B52AFDE007C871D /* ViewController.swift in Sources */,
				98E8B1221B52AFDD007C871D /* AppDelegate.swift in Sources */,
				98E8B1451B52BD5D007C871D /* ResultViewController.swift in Sources */,
				98E73A551B5B9CE500FC2F34 /* HistoryViewController.swift in Sources */,
			);
			runOnlyForDeploymentPostprocessing = 0;
		};
		98E8B12D1B52AFDE007C871D /* Sources */ = {
			isa = PBXSourcesBuildPhase;
			buildActionMask = 2147483647;
			files = (
				98E73A561B5B9CE500FC2F34 /* HistoryViewController.swift in Sources */,
				98E8B1381B52AFDE007C871D /* RoshamboTests.swift in Sources */,
				98E8B1461B52BD5D007C871D /* ResultViewController.swift in Sources */,
			);
			runOnlyForDeploymentPostprocessing = 0;
		};
/* End PBXSourcesBuildPhase section */

/* Begin PBXTargetDependency section */
		98E8B1331B52AFDE007C871D /* PBXTargetDependency */ = {
			isa = PBXTargetDependency;
			target = 98E8B11B1B52AFDD007C871D /* Roshambo */;
			targetProxy = 98E8B1321B52AFDE007C871D /* PBXContainerItemProxy */;
		};
/* End PBXTargetDependency section */

/* Begin PBXVariantGroup section */
		98E8B1251B52AFDE007C871D /* Main.storyboard */ = {
			isa = PBXVariantGroup;
			children = (
				98E8B1261B52AFDE007C871D /* Base */,
			);
			name = Main.storyboard;
			sourceTree = "<group>";
		};
		98E8B12A1B52AFDE007C871D /* LaunchScreen.xib */ = {
			isa = PBXVariantGroup;
			children = (
				98E8B12B1B52AFDE007C871D /* Base */,
			);
			name = LaunchScreen.xib;
			sourceTree = "<group>";
		};
/* End PBXVariantGroup section */

/* Begin XCBuildConfiguration section */
		98E8B1391B52AFDE007C871D /* Debug */ = {
			isa = XCBuildConfiguration;
			buildSettings = {
				ALWAYS_SEARCH_USER_PATHS = NO;
				CLANG_CXX_LANGUAGE_STANDARD = "gnu++0x";
				CLANG_CXX_LIBRARY = "libc++";
				CLANG_ENABLE_MODULES = YES;
				CLANG_ENABLE_OBJC_ARC = YES;
				CLANG_WARN_BOOL_CONVERSION = YES;
				CLANG_WARN_CONSTANT_CONVERSION = YES;
				CLANG_WARN_DIRECT_OBJC_ISA_USAGE = YES_ERROR;
				CLANG_WARN_EMPTY_BODY = YES;
				CLANG_WARN_ENUM_CONVERSION = YES;
				CLANG_WARN_INT_CONVERSION = YES;
				CLANG_WARN_OBJC_ROOT_CLASS = YES_ERROR;
				CLANG_WARN_UNREACHABLE_CODE = YES;
				CLANG_WARN__DUPLICATE_METHOD_MATCH = YES;
				"CODE_SIGN_IDENTITY[sdk=iphoneos*]" = "iPhone Developer";
				COPY_PHASE_STRIP = NO;
				DEBUG_INFORMATION_FORMAT = "dwarf-with-dsym";
				ENABLE_STRICT_OBJC_MSGSEND = YES;
				GCC_C_LANGUAGE_STANDARD = gnu99;
				GCC_DYNAMIC_NO_PIC = NO;
				GCC_NO_COMMON_BLOCKS = YES;
				GCC_OPTIMIZATION_LEVEL = 0;
				GCC_PREPROCESSOR_DEFINITIONS = (
					"DEBUG=1",
					"$(inherited)",
				);
				GCC_SYMBOLS_PRIVATE_EXTERN = NO;
				GCC_WARN_64_TO_32_BIT_CONVERSION = YES;
				GCC_WARN_ABOUT_RETURN_TYPE = YES_ERROR;
				GCC_WARN_UNDECLARED_SELECTOR = YES;
				GCC_WARN_UNINITIALIZED_AUTOS = YES_AGGRESSIVE;
				GCC_WARN_UNUSED_FUNCTION = YES;
				GCC_WARN_UNUSED_VARIABLE = YES;
				IPHONEOS_DEPLOYMENT_TARGET = 8.4;
				MTL_ENABLE_DEBUG_INFO = YES;
				ONLY_ACTIVE_ARCH = YES;
				SDKROOT = iphoneos;
				SWIFT_OPTIMIZATION_LEVEL = "-Onone";
			};
			name = Debug;
		};
		98E8B13A1B52AFDE007C871D /* Release */ = {
			isa = XCBuildConfiguration;
			buildSettings = {
				ALWAYS_SEARCH_USER_PATHS = NO;
				CLANG_CXX_LANGUAGE_STANDARD = "gnu++0x";
				CLANG_CXX_LIBRARY = "libc++";
				CLANG_ENABLE_MODULES = YES;
				CLANG_ENABLE_OBJC_ARC = YES;
				CLANG_WARN_BOOL_CONVERSION = YES;
				CLANG_WARN_CONSTANT_CONVERSION = YES;
				CLANG_WARN_DIRECT_OBJC_ISA_USAGE = YES_ERROR;
				CLANG_WARN_EMPTY_BODY = YES;
				CLANG_WARN_ENUM_CONVERSION = YES;
				CLANG_WARN_INT_CONVERSION = YES;
				CLANG_WARN_OBJC_ROOT_CLASS = YES_ERROR;
				CLANG_WARN_UNREACHABLE_CODE = YES;
				CLANG_WARN__DUPLICATE_METHOD_MATCH = YES;
				"CODE_SIGN_IDENTITY[sdk=iphoneos*]" = "iPhone Developer";
				COPY_PHASE_STRIP = NO;
				DEBUG_INFORMATION_FORMAT = "dwarf-with-dsym";
				ENABLE_NS_ASSERTIONS = NO;
				ENABLE_STRICT_OBJC_MSGSEND = YES;
				GCC_C_LANGUAGE_STANDARD = gnu99;
				GCC_NO_COMMON_BLOCKS = YES;
				GCC_WARN_64_TO_32_BIT_CONVERSION = YES;
				GCC_WARN_ABOUT_RETURN_TYPE = YES_ERROR;
				GCC_WARN_UNDECLARED_SELECTOR = YES;
				GCC_WARN_UNINITIALIZED_AUTOS = YES_AGGRESSIVE;
				GCC_WARN_UNUSED_FUNCTION = YES;
				GCC_WARN_UNUSED_VARIABLE = YES;
				IPHONEOS_DEPLOYMENT_TARGET = 8.4;
				MTL_ENABLE_DEBUG_INFO = NO;
				SDKROOT = iphoneos;
				VALIDATE_PRODUCT = YES;
			};
			name = Release;
		};
		98E8B13C1B52AFDE007C871D /* Debug */ = {
			isa = XCBuildConfiguration;
			buildSettings = {
				ASSETCATALOG_COMPILER_APPICON_NAME = AppIcon;
				INFOPLIST_FILE = Roshambo/Info.plist;
				LD_RUNPATH_SEARCH_PATHS = "$(inherited) @executable_path/Frameworks";
				PRODUCT_NAME = "$(TARGET_NAME)";
			};
			name = Debug;
		};
		98E8B13D1B52AFDE007C871D /* Release */ = {
			isa = XCBuildConfiguration;
			buildSettings = {
				ASSETCATALOG_COMPILER_APPICON_NAME = AppIcon;
				INFOPLIST_FILE = Roshambo/Info.plist;
				LD_RUNPATH_SEARCH_PATHS = "$(inherited) @executable_path/Frameworks";
				PRODUCT_NAME = "$(TARGET_NAME)";
			};
			name = Release;
		};
		98E8B13F1B52AFDE007C871D /* Debug */ = {
			isa = XCBuildConfiguration;
			buildSettings = {
				BUNDLE_LOADER = "$(TEST_HOST)";
				FRAMEWORK_SEARCH_PATHS = (
					"$(SDKROOT)/Developer/Library/Frameworks",
					"$(inherited)",
				);
				GCC_PREPROCESSOR_DEFINITIONS = (
					"DEBUG=1",
					"$(inherited)",
				);
				INFOPLIST_FILE = RoshamboTests/Info.plist;
				LD_RUNPATH_SEARCH_PATHS = "$(inherited) @executable_path/Frameworks @loader_path/Frameworks";
				PRODUCT_NAME = "$(TARGET_NAME)";
				TEST_HOST = "$(BUILT_PRODUCTS_DIR)/Roshambo.app/Roshambo";
			};
			name = Debug;
		};
		98E8B1401B52AFDE007C871D /* Release */ = {
			isa = XCBuildConfiguration;
			buildSettings = {
				BUNDLE_LOADER = "$(TEST_HOST)";
				FRAMEWORK_SEARCH_PATHS = (
					"$(SDKROOT)/Developer/Library/Frameworks",
					"$(inherited)",
				);
				INFOPLIST_FILE = RoshamboTests/Info.plist;
				LD_RUNPATH_SEARCH_PATHS = "$(inherited) @executable_path/Frameworks @loader_path/Frameworks";
				PRODUCT_NAME = "$(TARGET_NAME)";
				TEST_HOST = "$(BUILT_PRODUCTS_DIR)/Roshambo.app/Roshambo";
			};
			name = Release;
		};
/* End XCBuildConfiguration section */

/* Begin XCConfigurationList section */
		98E8B1171B52AFDD007C871D /* Build configuration list for PBXProject "Roshambo" */ = {
			isa = XCConfigurationList;
			buildConfigurations = (
				98E8B1391B52AFDE007C871D /* Debug */,
				98E8B13A1B52AFDE007C871D /* Release */,
			);
			defaultConfigurationIsVisible = 0;
			defaultConfigurationName = Release;
		};
		98E8B13B1B52AFDE007C871D /* Build configuration list for PBXNativeTarget "Roshambo" */ = {
			isa = XCConfigurationList;
			buildConfigurations = (
				98E8B13C1B52AFDE007C871D /* Debug */,
				98E8B13D1B52AFDE007C871D /* Release */,
			);
			defaultConfigurationIsVisible = 0;
			defaultConfigurationName = Release;
		};
		98E8B13E1B52AFDE007C871D /* Build configuration list for PBXNativeTarget "RoshamboTests" */ = {
			isa = XCConfigurationList;
			buildConfigurations = (
				98E8B13F1B52AFDE007C871D /* Debug */,
				98E8B1401B52AFDE007C871D /* Release */,
			);
			defaultConfigurationIsVisible = 0;
			defaultConfigurationName = Release;
		};
/* End XCConfigurationList section */
	};
	rootObject = 98E8B1141B52AFDD007C871D /* Project object */;
}
